
Microsoft Visual Studio Solution File, Format Version 12.00
# Visual Studio Version 17
VisualStudioVersion = 17.1.32421.90
MinimumVisualStudioVersion = 10.0.40219.1
Project("{FAE04EC0-301F-11D3-BF4B-00C04F79EFBC}") = "SimplePaintApp", "SimplePaintApp\SimplePaintApp.csproj", "{4CB8525E-9CF0-45CB-88B5-2FE2BB8E0192}"
EndProject
Global
	GlobalSection(SolutionConfigurationPlatforms) = preSolution
		Debug|Any CPU = Debug|Any CPU
		Release|Any CPU = Release|Any CPU
	EndGlobalSection
	GlobalSection(ProjectConfigurationPlatforms) = postSolution
		{4CB8525E-9CF0-45CB-88B5-2FE2BB8E0192}.Debug|Any CPU.ActiveCfg = Debug|Any CPU
		{4CB8525E-9CF0-45CB-88B5-2FE2BB8E0192}.Debug|Any CPU.Build.0 = Debug|Any CPU
		{4CB8525E-9CF0-45CB-88B5-2FE2BB8E0192}.Release|Any CPU.ActiveCfg = Release|Any CPU
		{4CB8525E-9CF0-45CB-88B5-2FE2BB8E0192}.Release|Any CPU.Build.0 = Release|Any CPU
	EndGlobalSection
	GlobalSection(SolutionProperties) = preSolution
		HideSolutionNode = FALSE
	EndGlobalSection
	GlobalSection(ExtensibilityGlobals) = postSolution
		SolutionGuid = {E2DCD244-2C95-4633-A926-08CF3D4F171B}
	EndGlobalSection
EndGlobal
